
Microsoft Visual Studio Solution File, Format Version 12.00
# Visual Studio 14
VisualStudioVersion = 14.0.25420.1
MinimumVisualStudioVersion = 10.0.40219.1
Project("{8BB2217D-0F2D-49D1-97BC-3654ED321F3B}") = "IntramuralsManagerApi", "IntramuralsManagerApi\IntramuralsManagerApi.xproj", "{AE72CA5E-BBF9-4C1F-A01B-3BB5FF0691BD}"
EndProject
Project("{9092AA53-FB77-4645-B42D-1CCCA6BD08BD}") = "IntramuralsManagerClient", "IntramuralsManagerClient\IntramuralsManagerClient.njsproj", "{1A530D7E-2BAE-4E35-A782-DB906B7826C6}"
EndProject
Global
	GlobalSection(SolutionConfigurationPlatforms) = preSolution
		Debug|Any CPU = Debug|Any CPU
		Debug|x64 = Debug|x64
		Release|Any CPU = Release|Any CPU
		Release|x64 = Release|x64
	EndGlobalSection
	GlobalSection(ProjectConfigurationPlatforms) = postSolution
		{AE72CA5E-BBF9-4C1F-A01B-3BB5FF0691BD}.Debug|Any CPU.ActiveCfg = Debug|Any CPU
		{AE72CA5E-BBF9-4C1F-A01B-3BB5FF0691BD}.Debug|Any CPU.Build.0 = Debug|Any CPU
		{AE72CA5E-BBF9-4C1F-A01B-3BB5FF0691BD}.Debug|x64.ActiveCfg = Debug|Any CPU
		{AE72CA5E-BBF9-4C1F-A01B-3BB5FF0691BD}.Debug|x64.Build.0 = Debug|Any CPU
		{AE72CA5E-BBF9-4C1F-A01B-3BB5FF0691BD}.Release|Any CPU.ActiveCfg = Release|Any CPU
		{AE72CA5E-BBF9-4C1F-A01B-3BB5FF0691BD}.Release|Any CPU.Build.0 = Release|Any CPU
		{AE72CA5E-BBF9-4C1F-A01B-3BB5FF0691BD}.Release|x64.ActiveCfg = Release|Any CPU
		{AE72CA5E-BBF9-4C1F-A01B-3BB5FF0691BD}.Release|x64.Build.0 = Release|Any CPU
		{1A530D7E-2BAE-4E35-A782-DB906B7826C6}.Debug|Any CPU.ActiveCfg = Debug|Any CPU
		{1A530D7E-2BAE-4E35-A782-DB906B7826C6}.Debug|Any CPU.Build.0 = Debug|Any CPU
		{1A530D7E-2BAE-4E35-A782-DB906B7826C6}.Debug|x64.ActiveCfg = Debug|Any CPU
		{1A530D7E-2BAE-4E35-A782-DB906B7826C6}.Release|Any CPU.ActiveCfg = Release|Any CPU
		{1A530D7E-2BAE-4E35-A782-DB906B7826C6}.Release|Any CPU.Build.0 = Release|Any CPU
		{1A530D7E-2BAE-4E35-A782-DB906B7826C6}.Release|x64.ActiveCfg = Release|Any CPU
		{1A530D7E-2BAE-4E35-A782-DB906B7826C6}.Release|x64.Build.0 = Release|Any CPU
	EndGlobalSection
	GlobalSection(SolutionProperties) = preSolution
		HideSolutionNode = FALSE
	EndGlobalSection
EndGlobal
